
Microsoft Visual Studio Solution File, Format Version 12.00
# Visual Studio Version 16
VisualStudioVersion = 16.0.33423.256
MinimumVisualStudioVersion = 10.0.40219.1
Project("{FAE04EC0-301F-11D3-BF4B-00C04F79EFBC}") = "CarRental", "CarRental.csproj", "{EF60948E-8718-4BC5-BD74-C9E9C002ED48}"
EndProject
Global
	GlobalSection(SolutionConfigurationPlatforms) = preSolution
		Debug|Any CPU = Debug|Any CPU
		Release|Any CPU = Release|Any CPU
	EndGlobalSection
	GlobalSection(ProjectConfigurationPlatforms) = postSolution
		{EF60948E-8718-4BC5-BD74-C9E9C002ED48}.Debug|Any CPU.ActiveCfg = Debug|Any CPU
		{EF60948E-8718-4BC5-BD74-C9E9C002ED48}.Debug|Any CPU.Build.0 = Debug|Any CPU
		{EF60948E-8718-4BC5-BD74-C9E9C002ED48}.Release|Any CPU.ActiveCfg = Release|Any CPU
		{EF60948E-8718-4BC5-BD74-C9E9C002ED48}.Release|Any CPU.Build.0 = Release|Any CPU
	EndGlobalSection
	GlobalSection(SolutionProperties) = preSolution
		HideSolutionNode = FALSE
	EndGlobalSection
	GlobalSection(ExtensibilityGlobals) = postSolution
		SolutionGuid = {0A3D9424-831A-4F81-9655-44FFC7429D34}
	EndGlobalSection
EndGlobal
